github.com/gen2brain/raylib-go/raylib v0.0.0-20231021231620-3f961a273f39 h1:Ngqy1X3DdHd7R09ea2O+C3vFgZDeU5gp0wDr6LWOBjc=
github.com/gen2brain/raylib-go/raylib v0.0.0-20231021231620-3f961a273f39/go.mod h1:AwtGA3aTtYdezNxEVbfchaLw/z+CuRDh2Mlxy0FbBro=
github.com/lachee/raylib-goplus v0.0.0-20200605081007-7ca39b8afc71 h1:H4fcwldyU7pQvzyR3fuNLe0Gs3f7yLg/lH7NorUTc7I=
github.com/lachee/raylib-goplus v0.0.0-20200605081007-7ca39b8afc71/go.mod h1:dBwvFApqhdnnQuWzvHZnvWph/zlTAHC3nd/Hy6yBE8U=
